// !$*UTF8*$!
{
	archiveVersion = 1;
	classes = {
	};
	objectVersion = 50;
	objects = {

/* Begin PBXBuildFile section */
		FA350EBC282523EE00F80C31 /* AppDelegate.swift in Sources */ = {isa = PBXBuildFile; fileRef = FA350EBB282523EE00F80C31 /* AppDelegate.swift */; };
		FA350EBE282523EE00F80C31 /* SceneDelegate.swift in Sources */ = {isa = PBXBuildFile; fileRef = FA350EBD282523EE00F80C31 /* SceneDelegate.swift */; };
		FA350EC3282523EE00F80C31 /* Main.storyboard in Resources */ = {isa = PBXBuildFile; fileRef = FA350EC1282523EE00F80C31 /* Main.storyboard */; };
		FA350EC5282523EF00F80C31 /* Assets.xcassets in Resources */ = {isa = PBXBuildFile; fileRef = FA350EC4282523EF00F80C31 /* Assets.xcassets */; };
		FA350EC8282523EF00F80C31 /* LaunchScreen.storyboard in Resources */ = {isa = PBXBuildFile; fileRef = FA350EC6282523EF00F80C31 /* LaunchScreen.storyboard */; };
		FA350ED5282524B400F80C31 /* RegistrationVC.swift in Sources */ = {isa = PBXBuildFile; fileRef = FA350ED4282524B400F80C31 /* RegistrationVC.swift */; };
		FA350ED828252C5C00F80C31 /* LoginVC.swift in Sources */ = {isa = PBXBuildFile; fileRef = FA350ED728252C5C00F80C31 /* LoginVC.swift */; };
/* End PBXBuildFile section */

/* Begin PBXFileReference section */
		FA350EB8282523EE00F80C31 /* StaterVC.app */ = {isa = PBXFileReference; explicitFileType = wrapper.application; includeInIndex = 0; path = StaterVC.app; sourceTree = BUILT_PRODUCTS_DIR; };
		FA350EBB282523EE00F80C31 /* AppDelegate.swift */ = {isa = PBXFileReference; lastKnownFileType = sourcecode.swift; path = AppDelegate.swift; sourceTree = "<group>"; };
		FA350EBD282523EE00F80C31 /* SceneDelegate.swift */ = {isa = PBXFileReference; lastKnownFileType = sourcecode.swift; path = SceneDelegate.swift; sourceTree = "<group>"; };
		FA350EC2282523EE00F80C31 /* Base */ = {isa = PBXFileReference; lastKnownFileType = file.storyboard; name = Base; path = Base.lproj/Main.storyboard; sourceTree = "<group>"; };
		FA350EC4282523EF00F80C31 /* Assets.xcassets */ = {isa = PBXFileReference; lastKnownFileType = folder.assetcatalog; path = Assets.xcassets; sourceTree = "<group>"; };
		FA350EC7282523EF00F80C31 /* Base */ = {isa = PBXFileReference; lastKnownFileType = file.storyboard; name = Base; path = Base.lproj/LaunchScreen.storyboard; sourceTree = "<group>"; };
		FA350EC9282523EF00F80C31 /* Info.plist */ = {isa = PBXFileReference; lastKnownFileType = text.plist.xml; path = Info.plist; sourceTree = "<group>"; };
		FA350ED4282524B400F80C31 /* RegistrationVC.swift */ = {isa = PBXFileReference; lastKnownFileType = sourcecode.swift; path = RegistrationVC.swift; sourceTree = "<group>"; };
		FA350ED728252C5C00F80C31 /* LoginVC.swift */ = {isa = PBXFileReference; lastKnownFileType = sourcecode.swift; path = LoginVC.swift; sourceTree = "<group>"; };
/* End PBXFileReference section */

/* Begin PBXFrameworksBuildPhase section */
		FA350EB5282523EE00F80C31 /* Frameworks */ = {
			isa = PBXFrameworksBuildPhase;
			buildActionMask = 2147483647;
			files = (
			);
			runOnlyForDeploymentPostprocessing = 0;
		};
/* End PBXFrameworksBuildPhase section */

/* Begin PBXGroup section */
		FA350EAF282523EE00F80C31 = {
			isa = PBXGroup;
			children = (
				FA350EBA282523EE00F80C31 /* StaterVC */,
				FA350EB9282523EE00F80C31 /* Products */,
			);
			sourceTree = "<group>";
		};
		FA350EB9282523EE00F80C31 /* Products */ = {
			isa = PBXGroup;
			children = (
				FA350EB8282523EE00F80C31 /* StaterVC.app */,
			);
			name = Products;
			sourceTree = "<group>";
		};
		FA350EBA282523EE00F80C31 /* StaterVC */ = {
			isa = PBXGroup;
			children = (
				FA350EBB282523EE00F80C31 /* AppDelegate.swift */,
				FA350EBD282523EE00F80C31 /* SceneDelegate.swift */,
				FA350EC1282523EE00F80C31 /* Main.storyboard */,
				FA350ED728252C5C00F80C31 /* LoginVC.swift */,
				FA350EC4282523EF00F80C31 /* Assets.xcassets */,
				FA350EC6282523EF00F80C31 /* LaunchScreen.storyboard */,
				FA350EC9282523EF00F80C31 /* Info.plist */,
				FA350ED4282524B400F80C31 /* RegistrationVC.swift */,
			);
			path = StaterVC;
			sourceTree = "<group>";
		};
/* End PBXGroup section */

/* Begin PBXNativeTarget section */
		FA350EB7282523EE00F80C31 /* StaterVC */ = {
			isa = PBXNativeTarget;
			buildConfigurationList = FA350ECC282523EF00F80C31 /* Build configuration list for PBXNativeTarget "StaterVC" */;
			buildPhases = (
				FA350EB4282523EE00F80C31 /* Sources */,
				FA350EB5282523EE00F80C31 /* Frameworks */,
				FA350EB6282523EE00F80C31 /* Resources */,
			);
			buildRules = (
			);
			dependencies = (
			);
			name = StaterVC;
			productName = StaterVC;
			productReference = FA350EB8282523EE00F80C31 /* StaterVC.app */;
			productType = "com.apple.product-type.application";
		};
/* End PBXNativeTarget section */

/* Begin PBXProject section */
		FA350EB0282523EE00F80C31 /* Project object */ = {
			isa = PBXProject;
			attributes = {
				LastSwiftUpdateCheck = 1220;
				LastUpgradeCheck = 1220;
				TargetAttributes = {
					FA350EB7282523EE00F80C31 = {
						CreatedOnToolsVersion = 12.2;
					};
				};
			};
			buildConfigurationList = FA350EB3282523EE00F80C31 /* Build configuration list for PBXProject "StaterVC" */;
			compatibilityVersion = "Xcode 9.3";
			developmentRegion = en;
			hasScannedForEncodings = 0;
			knownRegions = (
				en,
				Base,
			);
			mainGroup = FA350EAF282523EE00F80C31;
			productRefGroup = FA350EB9282523EE00F80C31 /* Products */;
			projectDirPath = "";
			projectRoot = "";
			targets = (
				FA350EB7282523EE00F80C31 /* StaterVC */,
			);
		};
/* End PBXProject section */

/* Begin PBXResourcesBuildPhase section */
		FA350EB6282523EE00F80C31 /* Resources */ = {
			isa = PBXResourcesBuildPhase;
			buildActionMask = 2147483647;
			files = (
				FA350EC8282523EF00F80C31 /* LaunchScreen.storyboard in Resources */,
				FA350EC5282523EF00F80C31 /* Assets.xcassets in Resources */,
				FA350EC3282523EE00F80C31 /* Main.storyboard in Resources */,
			);
			runOnlyForDeploymentPostprocessing = 0;
		};
/* End PBXResourcesBuildPhase section */

/* Begin PBXSourcesBuildPhase section */
		FA350EB4282523EE00F80C31 /* Sources */ = {
			isa = PBXSourcesBuildPhase;
			buildActionMask = 2147483647;
			files = (
				FA350ED828252C5C00F80C31 /* LoginVC.swift in Sources */,
				FA350EBC282523EE00F80C31 /* AppDelegate.swift in Sources */,
				FA350EBE282523EE00F80C31 /* SceneDelegate.swift in Sources */,
				FA350ED5282524B400F80C31 /* RegistrationVC.swift in Sources */,
			);
			runOnlyForDeploymentPostprocessing = 0;
		};
/* End PBXSourcesBuildPhase section */

/* Begin PBXVariantGroup section */
		FA350EC1282523EE00F80C31 /* Main.storyboard */ = {
			isa = PBXVariantGroup;
			children = (
				FA350EC2282523EE00F80C31 /* Base */,
			);
			name = Main.storyboard;
			sourceTree = "<group>";
		};
		FA350EC6282523EF00F80C31 /* LaunchScreen.storyboard */ = {
			isa = PBXVariantGroup;
			children = (
				FA350EC7282523EF00F80C31 /* Base */,
			);
			name = LaunchScreen.storyboard;
			sourceTree = "<group>";
		};
/* End PBXVariantGroup section */

/* Begin XCBuildConfiguration section */
		FA350ECA282523EF00F80C31 /* Debug */ = {
			isa = XCBuildConfiguration;
			buildSettings = {
				ALWAYS_SEARCH_USER_PATHS = NO;
				CLANG_ANALYZER_NONNULL = YES;
				CLANG_ANALYZER_NUMBER_OBJECT_CONVERSION = YES_AGGRESSIVE;
				CLANG_CXX_LANGUAGE_STANDARD = "gnu++14";
				CLANG_CXX_LIBRARY = "libc++";
				CLANG_ENABLE_MODULES = YES;
				CLANG_ENABLE_OBJC_ARC = YES;
				CLANG_ENABLE_OBJC_WEAK = YES;
				CLANG_WARN_BLOCK_CAPTURE_AUTORELEASING = YES;
				CLANG_WARN_BOOL_CONVERSION = YES;
				CLANG_WARN_COMMA = YES;
				CLANG_WARN_CONSTANT_CONVERSION = YES;
				CLANG_WARN_DEPRECATED_OBJC_IMPLEMENTATIONS = YES;
				CLANG_WARN_DIRECT_OBJC_ISA_USAGE = YES_ERROR;
				CLANG_WARN_DOCUMENTATION_COMMENTS = YES;
				CLANG_WARN_EMPTY_BODY = YES;
				CLANG_WARN_ENUM_CONVERSION = YES;
				CLANG_WARN_INFINITE_RECURSION = YES;
				CLANG_WARN_INT_CONVERSION = YES;
				CLANG_WARN_NON_LITERAL_NULL_CONVERSION = YES;
				CLANG_WARN_OBJC_IMPLICIT_RETAIN_SELF = YES;
				CLANG_WARN_OBJC_LITERAL_CONVERSION = YES;
				CLANG_WARN_OBJC_ROOT_CLASS = YES_ERROR;
				CLANG_WARN_QUOTED_INCLUDE_IN_FRAMEWORK_HEADER = YES;
				CLANG_WARN_RANGE_LOOP_ANALYSIS = YES;
				CLANG_WARN_STRICT_PROTOTYPES = YES;
				CLANG_WARN_SUSPICIOUS_MOVE = YES;
				CLANG_WARN_UNGUARDED_AVAILABILITY = YES_AGGRESSIVE;
				CLANG_WARN_UNREACHABLE_CODE = YES;
				CLANG_WARN__DUPLICATE_METHOD_MATCH = YES;
				COPY_PHASE_STRIP = NO;
				DEBUG_INFORMATION_FORMAT = dwarf;
				ENABLE_STRICT_OBJC_MSGSEND = YES;
				ENABLE_TESTABILITY = YES;
				GCC_C_LANGUAGE_STANDARD = gnu11;
				GCC_DYNAMIC_NO_PIC = NO;
				GCC_NO_COMMON_BLOCKS = YES;
				GCC_OPTIMIZATION_LEVEL = 0;
				GCC_PREPROCESSOR_DEFINITIONS = (
					"DEBUG=1",
					"$(inherited)",
				);
				GCC_WARN_64_TO_32_BIT_CONVERSION = YES;
				GCC_WARN_ABOUT_RETURN_TYPE = YES_ERROR;
				GCC_WARN_UNDECLARED_SELECTOR = YES;
				GCC_WARN_UNINITIALIZED_AUTOS = YES_AGGRESSIVE;
				GCC_WARN_UNUSED_FUNCTION = YES;
				GCC_WARN_UNUSED_VARIABLE = YES;
				IPHONEOS_DEPLOYMENT_TARGET = 13.0;
				MTL_ENABLE_DEBUG_INFO = INCLUDE_SOURCE;
				MTL_FAST_MATH = YES;
				ONLY_ACTIVE_ARCH = YES;
				SDKROOT = iphoneos;
				SWIFT_ACTIVE_COMPILATION_CONDITIONS = DEBUG;
				SWIFT_OPTIMIZATION_LEVEL = "-Onone";
			};
			name = Debug;
		};
		FA350ECB282523EF00F80C31 /* Release */ = {
			isa = XCBuildConfiguration;
			buildSettings = {
				ALWAYS_SEARCH_USER_PATHS = NO;
				CLANG_ANALYZER_NONNULL = YES;
				CLANG_ANALYZER_NUMBER_OBJECT_CONVERSION = YES_AGGRESSIVE;
				CLANG_CXX_LANGUAGE_STANDARD = "gnu++14";
				CLANG_CXX_LIBRARY = "libc++";
				CLANG_ENABLE_MODULES = YES;
				CLANG_ENABLE_OBJC_ARC = YES;
				CLANG_ENABLE_OBJC_WEAK = YES;
				CLANG_WARN_BLOCK_CAPTURE_AUTORELEASING = YES;
				CLANG_WARN_BOOL_CONVERSION = YES;
				CLANG_WARN_COMMA = YES;
				CLANG_WARN_CONSTANT_CONVERSION = YES;
				CLANG_WARN_DEPRECATED_OBJC_IMPLEMENTATIONS = YES;
				CLANG_WARN_DIRECT_OBJC_ISA_USAGE = YES_ERROR;
				CLANG_WARN_DOCUMENTATION_COMMENTS = YES;
				CLANG_WARN_EMPTY_BODY = YES;
				CLANG_WARN_ENUM_CONVERSION = YES;
				CLANG_WARN_INFINITE_RECURSION = YES;
				CLANG_WARN_INT_CONVERSION = YES;
				CLANG_WARN_NON_LITERAL_NULL_CONVERSION = YES;
				CLANG_WARN_OBJC_IMPLICIT_RETAIN_SELF = YES;
				CLANG_WARN_OBJC_LITERAL_CONVERSION = YES;
				CLANG_WARN_OBJC_ROOT_CLASS = YES_ERROR;
				CLANG_WARN_QUOTED_INCLUDE_IN_FRAMEWORK_HEADER = YES;
				CLANG_WARN_RANGE_LOOP_ANALYSIS = YES;
				CLANG_WARN_STRICT_PROTOTYPES = YES;
				CLANG_WARN_SUSPICIOUS_MOVE = YES;
				CLANG_WARN_UNGUARDED_AVAILABILITY = YES_AGGRESSIVE;
				CLANG_WARN_UNREACHABLE_CODE = YES;
				CLANG_WARN__DUPLICATE_METHOD_MATCH = YES;
				COPY_PHASE_STRIP = NO;
				DEBUG_INFORMATION_FORMAT = "dwarf-with-dsym";
				ENABLE_NS_ASSERTIONS = NO;
				ENABLE_STRICT_OBJC_MSGSEND = YES;
				GCC_C_LANGUAGE_STANDARD = gnu11;
				GCC_NO_COMMON_BLOCKS = YES;
				GCC_WARN_64_TO_32_BIT_CONVERSION = YES;
				GCC_WARN_ABOUT_RETURN_TYPE = YES_ERROR;
				GCC_WARN_UNDECLARED_SELECTOR = YES;
				GCC_WARN_UNINITIALIZED_AUTOS = YES_AGGRESSIVE;
				GCC_WARN_UNUSED_FUNCTION = YES;
				GCC_WARN_UNUSED_VARIABLE = YES;
				IPHONEOS_DEPLOYMENT_TARGET = 13.0;
				MTL_ENABLE_DEBUG_INFO = NO;
				MTL_FAST_MATH = YES;
				SDKROOT = iphoneos;
				SWIFT_COMPILATION_MODE = wholemodule;
				SWIFT_OPTIMIZATION_LEVEL = "-O";
				VALIDATE_PRODUCT = YES;
			};
			name = Release;
		};
		FA350ECD282523EF00F80C31 /* Debug */ = {
			isa = XCBuildConfiguration;
			buildSettings = {
				ASSETCATALOG_COMPILER_APPICON_NAME = AppIcon;
				ASSETCATALOG_COMPILER_GLOBAL_ACCENT_COLOR_NAME = AccentColor;
				CODE_SIGN_STYLE = Automatic;
				DEVELOPMENT_TEAM = VN9XH7F2WV;
				INFOPLIST_FILE = StaterVC/Info.plist;
				IPHONEOS_DEPLOYMENT_TARGET = 13.0;
				LD_RUNPATH_SEARCH_PATHS = (
					"$(inherited)",
					"@executable_path/Frameworks",
				);
				PRODUCT_BUNDLE_IDENTIFIER = IMG.org.pk.StaterVC;
				PRODUCT_NAME = "$(TARGET_NAME)";
				SWIFT_VERSION = 5.0;
				TARGETED_DEVICE_FAMILY = "1,2";
			};
			name = Debug;
		};
		FA350ECE282523EF00F80C31 /* Release */ = {
			isa = XCBuildConfiguration;
			buildSettings = {
				ASSETCATALOG_COMPILER_APPICON_NAME = AppIcon;
				ASSETCATALOG_COMPILER_GLOBAL_ACCENT_COLOR_NAME = AccentColor;
				CODE_SIGN_STYLE = Automatic;
				DEVELOPMENT_TEAM = VN9XH7F2WV;
				INFOPLIST_FILE = StaterVC/Info.plist;
				IPHONEOS_DEPLOYMENT_TARGET = 13.0;
				LD_RUNPATH_SEARCH_PATHS = (
					"$(inherited)",
					"@executable_path/Frameworks",
				);
				PRODUCT_BUNDLE_IDENTIFIER = IMG.org.pk.StaterVC;
				PRODUCT_NAME = "$(TARGET_NAME)";
				SWIFT_VERSION = 5.0;
				TARGETED_DEVICE_FAMILY = "1,2";
			};
			name = Release;
		};
/* End XCBuildConfiguration section */

/* Begin XCConfigurationList section */
		FA350EB3282523EE00F80C31 /* Build configuration list for PBXProject "StaterVC" */ = {
			isa = XCConfigurationList;
			buildConfigurations = (
				FA350ECA282523EF00F80C31 /* Debug */,
				FA350ECB282523EF00F80C31 /* Release */,
			);
			defaultConfigurationIsVisible = 0;
			defaultConfigurationName = Release;
		};
		FA350ECC282523EF00F80C31 /* Build configuration list for PBXNativeTarget "StaterVC" */ = {
			isa = XCConfigurationList;
			buildConfigurations = (
				FA350ECD282523EF00F80C31 /* Debug */,
				FA350ECE282523EF00F80C31 /* Release */,
			);
			defaultConfigurationIsVisible = 0;
			defaultConfigurationName = Release;
		};
/* End XCConfigurationList section */
	};
	rootObject = FA350EB0282523EE00F80C31 /* Project object */;
}
